
Microsoft Visual Studio Solution File, Format Version 12.00
# Visual Studio Version 16
VisualStudioVersion = 16.0.30523.141
MinimumVisualStudioVersion = 10.0.40219.1
Project("{FAE04EC0-301F-11D3-BF4B-00C04F79EFBC}") = "Assignment Mid Fall 20-21", "Assignment Mid Fall 20-21\Assignment Mid Fall 20-21.csproj", "{8E03B2B3-6DFC-4778-8580-A836D87725BE}"
EndProject
Global
	GlobalSection(SolutionConfigurationPlatforms) = preSolution
		Debug|Any CPU = Debug|Any CPU
		Release|Any CPU = Release|Any CPU
	EndGlobalSection
	GlobalSection(ProjectConfigurationPlatforms) = postSolution
		{8E03B2B3-6DFC-4778-8580-A836D87725BE}.Debug|Any CPU.ActiveCfg = Debug|Any CPU
		{8E03B2B3-6DFC-4778-8580-A836D87725BE}.Debug|Any CPU.Build.0 = Debug|Any CPU
		{8E03B2B3-6DFC-4778-8580-A836D87725BE}.Release|Any CPU.ActiveCfg = Release|Any CPU
		{8E03B2B3-6DFC-4778-8580-A836D87725BE}.Release|Any CPU.Build.0 = Release|Any CPU
	EndGlobalSection
	GlobalSection(SolutionProperties) = preSolution
		HideSolutionNode = FALSE
	EndGlobalSection
	GlobalSection(ExtensibilityGlobals) = postSolution
		SolutionGuid = {A3F845D3-D3F6-41AE-811B-67D0F6B38960}
	EndGlobalSection
EndGlobal
